
Microsoft Visual Studio Solution File, Format Version 12.00
# Visual Studio 15
VisualStudioVersion = 15.0.28010.2050
MinimumVisualStudioVersion = 10.0.40219.1
Project("{FAE04EC0-301F-11D3-BF4B-00C04F79EFBC}") = "GithubJenkins", "GithubJenkins\GithubJenkins.csproj", "{CA48B495-B2C6-4D2B-8B05-9DC94D272605}"
EndProject
Global
	GlobalSection(SolutionConfigurationPlatforms) = preSolution
		Debug|Any CPU = Debug|Any CPU
		Release|Any CPU = Release|Any CPU
	EndGlobalSection
	GlobalSection(ProjectConfigurationPlatforms) = postSolution
		{CA48B495-B2C6-4D2B-8B05-9DC94D272605}.Debug|Any CPU.ActiveCfg = Debug|Any CPU
		{CA48B495-B2C6-4D2B-8B05-9DC94D272605}.Debug|Any CPU.Build.0 = Debug|Any CPU
		{CA48B495-B2C6-4D2B-8B05-9DC94D272605}.Release|Any CPU.ActiveCfg = Release|Any CPU
		{CA48B495-B2C6-4D2B-8B05-9DC94D272605}.Release|Any CPU.Build.0 = Release|Any CPU
	EndGlobalSection
	GlobalSection(SolutionProperties) = preSolution
		HideSolutionNode = FALSE
	EndGlobalSection
	GlobalSection(ExtensibilityGlobals) = postSolution
		SolutionGuid = {D57AEBA3-428C-4E3D-8A25-142DC20312E9}
	EndGlobalSection
EndGlobal
